// !$*UTF8*$!
{
	archiveVersion = 1;
	classes = {
	};
	objectVersion = 46;
	objects = {

/* Begin PBXBuildFile section */
		EFCAD9ED1A788C4B00AB941C /* AppDelegate.swift in Sources */ = {isa = PBXBuildFile; fileRef = EFCAD9EC1A788C4B00AB941C /* AppDelegate.swift */; };
		EFCAD9EF1A788C4B00AB941C /* ViewController.swift in Sources */ = {isa = PBXBuildFile; fileRef = EFCAD9EE1A788C4B00AB941C /* ViewController.swift */; };
		EFCAD9F21A788C4B00AB941C /* Main.storyboard in Resources */ = {isa = PBXBuildFile; fileRef = EFCAD9F01A788C4B00AB941C /* Main.storyboard */; };
		EFCAD9F41A788C4B00AB941C /* Images.xcassets in Resources */ = {isa = PBXBuildFile; fileRef = EFCAD9F31A788C4B00AB941C /* Images.xcassets */; };
		EFCAD9F71A788C4B00AB941C /* LaunchScreen.xib in Resources */ = {isa = PBXBuildFile; fileRef = EFCAD9F51A788C4B00AB941C /* LaunchScreen.xib */; };
		EFCADA031A788C4B00AB941C /* wudget_v_0Tests.swift in Sources */ = {isa = PBXBuildFile; fileRef = EFCADA021A788C4B00AB941C /* wudget_v_0Tests.swift */; };
/* End PBXBuildFile section */

/* Begin PBXContainerItemProxy section */
		EFCAD9FD1A788C4B00AB941C /* PBXContainerItemProxy */ = {
			isa = PBXContainerItemProxy;
			containerPortal = EFCAD9DF1A788C4900AB941C /* Project object */;
			proxyType = 1;
			remoteGlobalIDString = EFCAD9E61A788C4A00AB941C;
			remoteInfo = "wudget v.0";
		};
/* End PBXContainerItemProxy section */

/* Begin PBXFileReference section */
		EFCAD9E71A788C4B00AB941C /* wudget v.0.app */ = {isa = PBXFileReference; explicitFileType = wrapper.application; includeInIndex = 0; path = "wudget v.0.app"; sourceTree = BUILT_PRODUCTS_DIR; };
		EFCAD9EB1A788C4B00AB941C /* Info.plist */ = {isa = PBXFileReference; lastKnownFileType = text.plist.xml; path = Info.plist; sourceTree = "<group>"; };
		EFCAD9EC1A788C4B00AB941C /* AppDelegate.swift */ = {isa = PBXFileReference; lastKnownFileType = sourcecode.swift; path = AppDelegate.swift; sourceTree = "<group>"; };
		EFCAD9EE1A788C4B00AB941C /* ViewController.swift */ = {isa = PBXFileReference; lastKnownFileType = sourcecode.swift; path = ViewController.swift; sourceTree = "<group>"; };
		EFCAD9F11A788C4B00AB941C /* Base */ = {isa = PBXFileReference; lastKnownFileType = file.storyboard; name = Base; path = Base.lproj/Main.storyboard; sourceTree = "<group>"; };
		EFCAD9F31A788C4B00AB941C /* Images.xcassets */ = {isa = PBXFileReference; lastKnownFileType = folder.assetcatalog; path = Images.xcassets; sourceTree = "<group>"; };
		EFCAD9F61A788C4B00AB941C /* Base */ = {isa = PBXFileReference; lastKnownFileType = file.xib; name = Base; path = Base.lproj/LaunchScreen.xib; sourceTree = "<group>"; };
		EFCAD9FC1A788C4B00AB941C /* wudget v.0Tests.xctest */ = {isa = PBXFileReference; explicitFileType = wrapper.cfbundle; includeInIndex = 0; path = "wudget v.0Tests.xctest"; sourceTree = BUILT_PRODUCTS_DIR; };
		EFCADA011A788C4B00AB941C /* Info.plist */ = {isa = PBXFileReference; lastKnownFileType = text.plist.xml; path = Info.plist; sourceTree = "<group>"; };
		EFCADA021A788C4B00AB941C /* wudget_v_0Tests.swift */ = {isa = PBXFileReference; lastKnownFileType = sourcecode.swift; path = wudget_v_0Tests.swift; sourceTree = "<group>"; };
/* End PBXFileReference section */

/* Begin PBXFrameworksBuildPhase section */
		EFCAD9E41A788C4A00AB941C /* Frameworks */ = {
			isa = PBXFrameworksBuildPhase;
			buildActionMask = 2147483647;
			files = (
			);
			runOnlyForDeploymentPostprocessing = 0;
		};
		EFCAD9F91A788C4B00AB941C /* Frameworks */ = {
			isa = PBXFrameworksBuildPhase;
			buildActionMask = 2147483647;
			files = (
			);
			runOnlyForDeploymentPostprocessing = 0;
		};
/* End PBXFrameworksBuildPhase section */

/* Begin PBXGroup section */
		EFCAD9DE1A788C4900AB941C = {
			isa = PBXGroup;
			children = (
				EFCAD9E91A788C4B00AB941C /* wudget v.0 */,
				EFCAD9FF1A788C4B00AB941C /* wudget v.0Tests */,
				EFCAD9E81A788C4B00AB941C /* Products */,
			);
			sourceTree = "<group>";
		};
		EFCAD9E81A788C4B00AB941C /* Products */ = {
			isa = PBXGroup;
			children = (
				EFCAD9E71A788C4B00AB941C /* wudget v.0.app */,
				EFCAD9FC1A788C4B00AB941C /* wudget v.0Tests.xctest */,
			);
			name = Products;
			sourceTree = "<group>";
		};
		EFCAD9E91A788C4B00AB941C /* wudget v.0 */ = {
			isa = PBXGroup;
			children = (
				EFCAD9EC1A788C4B00AB941C /* AppDelegate.swift */,
				EFCAD9EE1A788C4B00AB941C /* ViewController.swift */,
				EFCAD9F01A788C4B00AB941C /* Main.storyboard */,
				EFCAD9F31A788C4B00AB941C /* Images.xcassets */,
				EFCAD9F51A788C4B00AB941C /* LaunchScreen.xib */,
				EFCAD9EA1A788C4B00AB941C /* Supporting Files */,
			);
			path = "wudget v.0";
			sourceTree = "<group>";
		};
		EFCAD9EA1A788C4B00AB941C /* Supporting Files */ = {
			isa = PBXGroup;
			children = (
				EFCAD9EB1A788C4B00AB941C /* Info.plist */,
			);
			name = "Supporting Files";
			sourceTree = "<group>";
		};
		EFCAD9FF1A788C4B00AB941C /* wudget v.0Tests */ = {
			isa = PBXGroup;
			children = (
				EFCADA021A788C4B00AB941C /* wudget_v_0Tests.swift */,
				EFCADA001A788C4B00AB941C /* Supporting Files */,
			);
			path = "wudget v.0Tests";
			sourceTree = "<group>";
		};
		EFCADA001A788C4B00AB941C /* Supporting Files */ = {
			isa = PBXGroup;
			children = (
				EFCADA011A788C4B00AB941C /* Info.plist */,
			);
			name = "Supporting Files";
			sourceTree = "<group>";
		};
/* End PBXGroup section */

/* Begin PBXNativeTarget section */
		EFCAD9E61A788C4A00AB941C /* wudget v.0 */ = {
			isa = PBXNativeTarget;
			buildConfigurationList = EFCADA061A788C4B00AB941C /* Build configuration list for PBXNativeTarget "wudget v.0" */;
			buildPhases = (
				EFCAD9E31A788C4A00AB941C /* Sources */,
				EFCAD9E41A788C4A00AB941C /* Frameworks */,
				EFCAD9E51A788C4A00AB941C /* Resources */,
			);
			buildRules = (
			);
			dependencies = (
			);
			name = "wudget v.0";
			productName = "wudget v.0";
			productReference = EFCAD9E71A788C4B00AB941C /* wudget v.0.app */;
			productType = "com.apple.product-type.application";
		};
		EFCAD9FB1A788C4B00AB941C /* wudget v.0Tests */ = {
			isa = PBXNativeTarget;
			buildConfigurationList = EFCADA091A788C4B00AB941C /* Build configuration list for PBXNativeTarget "wudget v.0Tests" */;
			buildPhases = (
				EFCAD9F81A788C4B00AB941C /* Sources */,
				EFCAD9F91A788C4B00AB941C /* Frameworks */,
				EFCAD9FA1A788C4B00AB941C /* Resources */,
			);
			buildRules = (
			);
			dependencies = (
				EFCAD9FE1A788C4B00AB941C /* PBXTargetDependency */,
			);
			name = "wudget v.0Tests";
			productName = "wudget v.0Tests";
			productReference = EFCAD9FC1A788C4B00AB941C /* wudget v.0Tests.xctest */;
			productType = "com.apple.product-type.bundle.unit-test";
		};
/* End PBXNativeTarget section */

/* Begin PBXProject section */
		EFCAD9DF1A788C4900AB941C /* Project object */ = {
			isa = PBXProject;
			attributes = {
				LastUpgradeCheck = 0610;
				ORGANIZATIONNAME = "Taylor Bergquist";
				TargetAttributes = {
					EFCAD9E61A788C4A00AB941C = {
						CreatedOnToolsVersion = 6.1.1;
					};
					EFCAD9FB1A788C4B00AB941C = {
						CreatedOnToolsVersion = 6.1.1;
						TestTargetID = EFCAD9E61A788C4A00AB941C;
					};
				};
			};
			buildConfigurationList = EFCAD9E21A788C4900AB941C /* Build configuration list for PBXProject "wudget v.0" */;
			compatibilityVersion = "Xcode 3.2";
			developmentRegion = English;
			hasScannedForEncodings = 0;
			knownRegions = (
				en,
				Base,
			);
			mainGroup = EFCAD9DE1A788C4900AB941C;
			productRefGroup = EFCAD9E81A788C4B00AB941C /* Products */;
			projectDirPath = "";
			projectRoot = "";
			targets = (
				EFCAD9E61A788C4A00AB941C /* wudget v.0 */,
				EFCAD9FB1A788C4B00AB941C /* wudget v.0Tests */,
			);
		};
/* End PBXProject section */

/* Begin PBXResourcesBuildPhase section */
		EFCAD9E51A788C4A00AB941C /* Resources */ = {
			isa = PBXResourcesBuildPhase;
			buildActionMask = 2147483647;
			files = (
				EFCAD9F21A788C4B00AB941C /* Main.storyboard in Resources */,
				EFCAD9F71A788C4B00AB941C /* LaunchScreen.xib in Resources */,
				EFCAD9F41A788C4B00AB941C /* Images.xcassets in Resources */,
			);
			runOnlyForDeploymentPostprocessing = 0;
		};
		EFCAD9FA1A788C4B00AB941C /* Resources */ = {
			isa = PBXResourcesBuildPhase;
			buildActionMask = 2147483647;
			files = (
			);
			runOnlyForDeploymentPostprocessing = 0;
		};
/* End PBXResourcesBuildPhase section */

/* Begin PBXSourcesBuildPhase section */
		EFCAD9E31A788C4A00AB941C /* Sources */ = {
			isa = PBXSourcesBuildPhase;
			buildActionMask = 2147483647;
			files = (
				EFCAD9EF1A788C4B00AB941C /* ViewController.swift in Sources */,
				EFCAD9ED1A788C4B00AB941C /* AppDelegate.swift in Sources */,
			);
			runOnlyForDeploymentPostprocessing = 0;
		};
		EFCAD9F81A788C4B00AB941C /* Sources */ = {
			isa = PBXSourcesBuildPhase;
			buildActionMask = 2147483647;
			files = (
				EFCADA031A788C4B00AB941C /* wudget_v_0Tests.swift in Sources */,
			);
			runOnlyForDeploymentPostprocessing = 0;
		};
/* End PBXSourcesBuildPhase section */

/* Begin PBXTargetDependency section */
		EFCAD9FE1A788C4B00AB941C /* PBXTargetDependency */ = {
			isa = PBXTargetDependency;
			target = EFCAD9E61A788C4A00AB941C /* wudget v.0 */;
			targetProxy = EFCAD9FD1A788C4B00AB941C /* PBXContainerItemProxy */;
		};
/* End PBXTargetDependency section */

/* Begin PBXVariantGroup section */
		EFCAD9F01A788C4B00AB941C /* Main.storyboard */ = {
			isa = PBXVariantGroup;
			children = (
				EFCAD9F11A788C4B00AB941C /* Base */,
			);
			name = Main.storyboard;
			sourceTree = "<group>";
		};
		EFCAD9F51A788C4B00AB941C /* LaunchScreen.xib */ = {
			isa = PBXVariantGroup;
			children = (
				EFCAD9F61A788C4B00AB941C /* Base */,
			);
			name = LaunchScreen.xib;
			sourceTree = "<group>";
		};
/* End PBXVariantGroup section */

/* Begin XCBuildConfiguration section */
		EFCADA041A788C4B00AB941C /* Debug */ = {
			isa = XCBuildConfiguration;
			buildSettings = {
				ALWAYS_SEARCH_USER_PATHS = NO;
				CLANG_CXX_LANGUAGE_STANDARD = "gnu++0x";
				CLANG_CXX_LIBRARY = "libc++";
				CLANG_ENABLE_MODULES = YES;
				CLANG_ENABLE_OBJC_ARC = YES;
				CLANG_WARN_BOOL_CONVERSION = YES;
				CLANG_WARN_CONSTANT_CONVERSION = YES;
				CLANG_WARN_DIRECT_OBJC_ISA_USAGE = YES_ERROR;
				CLANG_WARN_EMPTY_BODY = YES;
				CLANG_WARN_ENUM_CONVERSION = YES;
				CLANG_WARN_INT_CONVERSION = YES;
				CLANG_WARN_OBJC_ROOT_CLASS = YES_ERROR;
				CLANG_WARN_UNREACHABLE_CODE = YES;
				CLANG_WARN__DUPLICATE_METHOD_MATCH = YES;
				"CODE_SIGN_IDENTITY[sdk=iphoneos*]" = "iPhone Developer";
				COPY_PHASE_STRIP = NO;
				ENABLE_STRICT_OBJC_MSGSEND = YES;
				GCC_C_LANGUAGE_STANDARD = gnu99;
				GCC_DYNAMIC_NO_PIC = NO;
				GCC_OPTIMIZATION_LEVEL = 0;
				GCC_PREPROCESSOR_DEFINITIONS = (
					"DEBUG=1",
					"$(inherited)",
				);
				GCC_SYMBOLS_PRIVATE_EXTERN = NO;
				GCC_WARN_64_TO_32_BIT_CONVERSION = YES;
				GCC_WARN_ABOUT_RETURN_TYPE = YES_ERROR;
				GCC_WARN_UNDECLARED_SELECTOR = YES;
				GCC_WARN_UNINITIALIZED_AUTOS = YES_AGGRESSIVE;
				GCC_WARN_UNUSED_FUNCTION = YES;
				GCC_WARN_UNUSED_VARIABLE = YES;
				IPHONEOS_DEPLOYMENT_TARGET = 8.1;
				MTL_ENABLE_DEBUG_INFO = YES;
				ONLY_ACTIVE_ARCH = YES;
				SDKROOT = iphoneos;
				SWIFT_OPTIMIZATION_LEVEL = "-Onone";
				TARGETED_DEVICE_FAMILY = "1,2";
			};
			name = Debug;
		};
		EFCADA051A788C4B00AB941C /* Release */ = {
			isa = XCBuildConfiguration;
			buildSettings = {
				ALWAYS_SEARCH_USER_PATHS = NO;
				CLANG_CXX_LANGUAGE_STANDARD = "gnu++0x";
				CLANG_CXX_LIBRARY = "libc++";
				CLANG_ENABLE_MODULES = YES;
				CLANG_ENABLE_OBJC_ARC = YES;
				CLANG_WARN_BOOL_CONVERSION = YES;
				CLANG_WARN_CONSTANT_CONVERSION = YES;
				CLANG_WARN_DIRECT_OBJC_ISA_USAGE = YES_ERROR;
				CLANG_WARN_EMPTY_BODY = YES;
				CLANG_WARN_ENUM_CONVERSION = YES;
				CLANG_WARN_INT_CONVERSION = YES;
				CLANG_WARN_OBJC_ROOT_CLASS = YES_ERROR;
				CLANG_WARN_UNREACHABLE_CODE = YES;
				CLANG_WARN__DUPLICATE_METHOD_MATCH = YES;
				"CODE_SIGN_IDENTITY[sdk=iphoneos*]" = "iPhone Developer";
				COPY_PHASE_STRIP = YES;
				ENABLE_NS_ASSERTIONS = NO;
				ENABLE_STRICT_OBJC_MSGSEND = YES;
				GCC_C_LANGUAGE_STANDARD = gnu99;
				GCC_WARN_64_TO_32_BIT_CONVERSION = YES;
				GCC_WARN_ABOUT_RETURN_TYPE = YES_ERROR;
				GCC_WARN_UNDECLARED_SELECTOR = YES;
				GCC_WARN_UNINITIALIZED_AUTOS = YES_AGGRESSIVE;
				GCC_WARN_UNUSED_FUNCTION = YES;
				GCC_WARN_UNUSED_VARIABLE = YES;
				IPHONEOS_DEPLOYMENT_TARGET = 8.1;
				MTL_ENABLE_DEBUG_INFO = NO;
				SDKROOT = iphoneos;
				TARGETED_DEVICE_FAMILY = "1,2";
				VALIDATE_PRODUCT = YES;
			};
			name = Release;
		};
		EFCADA071A788C4B00AB941C /* Debug */ = {
			isa = XCBuildConfiguration;
			buildSettings = {
				ASSETCATALOG_COMPILER_APPICON_NAME = AppIcon;
				INFOPLIST_FILE = "wudget v.0/Info.plist";
				LD_RUNPATH_SEARCH_PATHS = "$(inherited) @executable_path/Frameworks";
				PRODUCT_NAME = "$(TARGET_NAME)";
			};
			name = Debug;
		};
		EFCADA081A788C4B00AB941C /* Release */ = {
			isa = XCBuildConfiguration;
			buildSettings = {
				ASSETCATALOG_COMPILER_APPICON_NAME = AppIcon;
				INFOPLIST_FILE = "wudget v.0/Info.plist";
				LD_RUNPATH_SEARCH_PATHS = "$(inherited) @executable_path/Frameworks";
				PRODUCT_NAME = "$(TARGET_NAME)";
			};
			name = Release;
		};
		EFCADA0A1A788C4B00AB941C /* Debug */ = {
			isa = XCBuildConfiguration;
			buildSettings = {
				BUNDLE_LOADER = "$(TEST_HOST)";
				FRAMEWORK_SEARCH_PATHS = (
					"$(SDKROOT)/Developer/Library/Frameworks",
					"$(inherited)",
				);
				GCC_PREPROCESSOR_DEFINITIONS = (
					"DEBUG=1",
					"$(inherited)",
				);
				INFOPLIST_FILE = "wudget v.0Tests/Info.plist";
				LD_RUNPATH_SEARCH_PATHS = "$(inherited) @executable_path/Frameworks @loader_path/Frameworks";
				PRODUCT_NAME = "$(TARGET_NAME)";
				TEST_HOST = "$(BUILT_PRODUCTS_DIR)/wudget v.0.app/wudget v.0";
			};
			name = Debug;
		};
		EFCADA0B1A788C4B00AB941C /* Release */ = {
			isa = XCBuildConfiguration;
			buildSettings = {
				BUNDLE_LOADER = "$(TEST_HOST)";
				FRAMEWORK_SEARCH_PATHS = (
					"$(SDKROOT)/Developer/Library/Frameworks",
					"$(inherited)",
				);
				INFOPLIST_FILE = "wudget v.0Tests/Info.plist";
				LD_RUNPATH_SEARCH_PATHS = "$(inherited) @executable_path/Frameworks @loader_path/Frameworks";
				PRODUCT_NAME = "$(TARGET_NAME)";
				TEST_HOST = "$(BUILT_PRODUCTS_DIR)/wudget v.0.app/wudget v.0";
			};
			name = Release;
		};
/* End XCBuildConfiguration section */

/* Begin XCConfigurationList section */
		EFCAD9E21A788C4900AB941C /* Build configuration list for PBXProject "wudget v.0" */ = {
			isa = XCConfigurationList;
			buildConfigurations = (
				EFCADA041A788C4B00AB941C /* Debug */,
				EFCADA051A788C4B00AB941C /* Release */,
			);
			defaultConfigurationIsVisible = 0;
			defaultConfigurationName = Release;
		};
		EFCADA061A788C4B00AB941C /* Build configuration list for PBXNativeTarget "wudget v.0" */ = {
			isa = XCConfigurationList;
			buildConfigurations = (
				EFCADA071A788C4B00AB941C /* Debug */,
				EFCADA081A788C4B00AB941C /* Release */,
			);
			defaultConfigurationIsVisible = 0;
		};
		EFCADA091A788C4B00AB941C /* Build configuration list for PBXNativeTarget "wudget v.0Tests" */ = {
			isa = XCConfigurationList;
			buildConfigurations = (
				EFCADA0A1A788C4B00AB941C /* Debug */,
				EFCADA0B1A788C4B00AB941C /* Release */,
			);
			defaultConfigurationIsVisible = 0;
		};
/* End XCConfigurationList section */
	};
	rootObject = EFCAD9DF1A788C4900AB941C /* Project object */;
}
